
Microsoft Visual Studio Solution File, Format Version 12.00
# Visual Studio Version 17
VisualStudioVersion = 17.14.36310.24 d17.14
MinimumVisualStudioVersion = 10.0.40219.1
Project("{FAE04EC0-301F-11D3-BF4B-00C04F79EFBC}") = "NasreddinsSimplePeekClient2Web", "NasreddinsSimplePeekClient2Web.csproj", "{BBC0DA0B-4844-7173-23F6-5A6801ABF6E6}"
EndProject
Global
	GlobalSection(SolutionConfigurationPlatforms) = preSolution
		Debug|Any CPU = Debug|Any CPU
		Release|Any CPU = Release|Any CPU
	EndGlobalSection
	GlobalSection(ProjectConfigurationPlatforms) = postSolution
		{BBC0DA0B-4844-7173-23F6-5A6801ABF6E6}.Debug|Any CPU.ActiveCfg = Debug|Any CPU
		{BBC0DA0B-4844-7173-23F6-5A6801ABF6E6}.Debug|Any CPU.Build.0 = Debug|Any CPU
		{BBC0DA0B-4844-7173-23F6-5A6801ABF6E6}.Release|Any CPU.ActiveCfg = Release|Any CPU
		{BBC0DA0B-4844-7173-23F6-5A6801ABF6E6}.Release|Any CPU.Build.0 = Release|Any CPU
	EndGlobalSection
	GlobalSection(SolutionProperties) = preSolution
		HideSolutionNode = FALSE
	EndGlobalSection
	GlobalSection(ExtensibilityGlobals) = postSolution
		SolutionGuid = {5F2F18A4-6136-426A-A686-64CA878EFE1B}
	EndGlobalSection
EndGlobal
